
Microsoft Visual Studio Solution File, Format Version 12.00
# Visual Studio 2013
VisualStudioVersion = 12.0.21005.1
MinimumVisualStudioVersion = 10.0.40219.1
Project("{FAE04EC0-301F-11D3-BF4B-00C04F79EFBC}") = "Pes", "Lib\Pes\Pes.csproj", "{66EF662E-F52C-4104-9C15-A14266D8F3B8}"
EndProject
Project("{FAE04EC0-301F-11D3-BF4B-00C04F79EFBC}") = "Pattern", "Lib\Pattern\Pattern.csproj", "{71389ADF-D591-4740-BEE4-8C12B4CFD509}"
EndProject
Project("{FAE04EC0-301F-11D3-BF4B-00C04F79EFBC}") = "Pec", "Lib\Pec\Pec.csproj", "{EB021B41-D08B-4311-BD84-820B4D42F179}"
EndProject
Project("{FAE04EC0-301F-11D3-BF4B-00C04F79EFBC}") = "DesignFormat", "Lib\DesignFormat\DesignFormat.csproj", "{0736F03A-009F-4566-B735-65CEE64B71AD}"
EndProject
Project("{FAE04EC0-301F-11D3-BF4B-00C04F79EFBC}") = "Combine Design", "Engine\Combine Design.csproj", "{884EA533-590C-4B15-AB6B-D10811DE7C07}"
EndProject
Global
	GlobalSection(SolutionConfigurationPlatforms) = preSolution
		Basic-Release|Any CPU = Basic-Release|Any CPU
		Basic-Release|Mixed Platforms = Basic-Release|Mixed Platforms
		Basic-Release|x86 = Basic-Release|x86
		Debug|Any CPU = Debug|Any CPU
		Debug|Mixed Platforms = Debug|Mixed Platforms
		Debug|x86 = Debug|x86
		IntermediateRelease|Any CPU = IntermediateRelease|Any CPU
		IntermediateRelease|Mixed Platforms = IntermediateRelease|Mixed Platforms
		IntermediateRelease|x86 = IntermediateRelease|x86
		Pro-Debug|Any CPU = Pro-Debug|Any CPU
		Pro-Debug|Mixed Platforms = Pro-Debug|Mixed Platforms
		Pro-Debug|x86 = Pro-Debug|x86
		Pro-Release|Any CPU = Pro-Release|Any CPU
		Pro-Release|Mixed Platforms = Pro-Release|Mixed Platforms
		Pro-Release|x86 = Pro-Release|x86
		Release|Any CPU = Release|Any CPU
		Release|Mixed Platforms = Release|Mixed Platforms
		Release|x86 = Release|x86
	EndGlobalSection
	GlobalSection(ProjectConfigurationPlatforms) = postSolution
		{66EF662E-F52C-4104-9C15-A14266D8F3B8}.Basic-Release|Any CPU.ActiveCfg = Basic-Release|Any CPU
		{66EF662E-F52C-4104-9C15-A14266D8F3B8}.Basic-Release|Any CPU.Build.0 = Basic-Release|Any CPU
		{66EF662E-F52C-4104-9C15-A14266D8F3B8}.Basic-Release|Mixed Platforms.ActiveCfg = Basic-Release|Any CPU
		{66EF662E-F52C-4104-9C15-A14266D8F3B8}.Basic-Release|Mixed Platforms.Build.0 = Basic-Release|Any CPU
		{66EF662E-F52C-4104-9C15-A14266D8F3B8}.Basic-Release|x86.ActiveCfg = Basic-Release|Any CPU
		{66EF662E-F52C-4104-9C15-A14266D8F3B8}.Debug|Any CPU.ActiveCfg = Debug|Any CPU
		{66EF662E-F52C-4104-9C15-A14266D8F3B8}.Debug|Any CPU.Build.0 = Debug|Any CPU
		{66EF662E-F52C-4104-9C15-A14266D8F3B8}.Debug|Mixed Platforms.ActiveCfg = Debug|Any CPU
		{66EF662E-F52C-4104-9C15-A14266D8F3B8}.Debug|Mixed Platforms.Build.0 = Debug|Any CPU
		{66EF662E-F52C-4104-9C15-A14266D8F3B8}.Debug|x86.ActiveCfg = Debug|Any CPU
		{66EF662E-F52C-4104-9C15-A14266D8F3B8}.IntermediateRelease|Any CPU.ActiveCfg = IntermediateRelease|Any CPU
		{66EF662E-F52C-4104-9C15-A14266D8F3B8}.IntermediateRelease|Any CPU.Build.0 = IntermediateRelease|Any CPU
		{66EF662E-F52C-4104-9C15-A14266D8F3B8}.IntermediateRelease|Mixed Platforms.ActiveCfg = IntermediateRelease|Any CPU
		{66EF662E-F52C-4104-9C15-A14266D8F3B8}.IntermediateRelease|Mixed Platforms.Build.0 = IntermediateRelease|Any CPU
		{66EF662E-F52C-4104-9C15-A14266D8F3B8}.IntermediateRelease|x86.ActiveCfg = IntermediateRelease|Any CPU
		{66EF662E-F52C-4104-9C15-A14266D8F3B8}.Pro-Debug|Any CPU.ActiveCfg = Pro-Debug|Any CPU
		{66EF662E-F52C-4104-9C15-A14266D8F3B8}.Pro-Debug|Any CPU.Build.0 = Pro-Debug|Any CPU
		{66EF662E-F52C-4104-9C15-A14266D8F3B8}.Pro-Debug|Mixed Platforms.ActiveCfg = Pro-Debug|Any CPU
		{66EF662E-F52C-4104-9C15-A14266D8F3B8}.Pro-Debug|Mixed Platforms.Build.0 = Pro-Debug|Any CPU
		{66EF662E-F52C-4104-9C15-A14266D8F3B8}.Pro-Debug|x86.ActiveCfg = Pro-Debug|Any CPU
		{66EF662E-F52C-4104-9C15-A14266D8F3B8}.Pro-Release|Any CPU.ActiveCfg = Pro-Release|Any CPU
		{66EF662E-F52C-4104-9C15-A14266D8F3B8}.Pro-Release|Any CPU.Build.0 = Pro-Release|Any CPU
		{66EF662E-F52C-4104-9C15-A14266D8F3B8}.Pro-Release|Mixed Platforms.ActiveCfg = Pro-Release|Any CPU
		{66EF662E-F52C-4104-9C15-A14266D8F3B8}.Pro-Release|Mixed Platforms.Build.0 = Pro-Release|Any CPU
		{66EF662E-F52C-4104-9C15-A14266D8F3B8}.Pro-Release|x86.ActiveCfg = Pro-Release|Any CPU
		{66EF662E-F52C-4104-9C15-A14266D8F3B8}.Release|Any CPU.ActiveCfg = Release|Any CPU
		{66EF662E-F52C-4104-9C15-A14266D8F3B8}.Release|Any CPU.Build.0 = Release|Any CPU
		{66EF662E-F52C-4104-9C15-A14266D8F3B8}.Release|Mixed Platforms.ActiveCfg = Release|Any CPU
		{66EF662E-F52C-4104-9C15-A14266D8F3B8}.Release|Mixed Platforms.Build.0 = Release|Any CPU
		{66EF662E-F52C-4104-9C15-A14266D8F3B8}.Release|x86.ActiveCfg = Release|Any CPU
		{71389ADF-D591-4740-BEE4-8C12B4CFD509}.Basic-Release|Any CPU.ActiveCfg = Basic-Release|Any CPU
		{71389ADF-D591-4740-BEE4-8C12B4CFD509}.Basic-Release|Any CPU.Build.0 = Basic-Release|Any CPU
		{71389ADF-D591-4740-BEE4-8C12B4CFD509}.Basic-Release|Mixed Platforms.ActiveCfg = Basic-Release|Any CPU
		{71389ADF-D591-4740-BEE4-8C12B4CFD509}.Basic-Release|Mixed Platforms.Build.0 = Basic-Release|Any CPU
		{71389ADF-D591-4740-BEE4-8C12B4CFD509}.Basic-Release|x86.ActiveCfg = Basic-Release|Any CPU
		{71389ADF-D591-4740-BEE4-8C12B4CFD509}.Debug|Any CPU.ActiveCfg = Debug|Any CPU
		{71389ADF-D591-4740-BEE4-8C12B4CFD509}.Debug|Any CPU.Build.0 = Debug|Any CPU
		{71389ADF-D591-4740-BEE4-8C12B4CFD509}.Debug|Mixed Platforms.ActiveCfg = Debug|Any CPU
		{71389ADF-D591-4740-BEE4-8C12B4CFD509}.Debug|Mixed Platforms.Build.0 = Debug|Any CPU
		{71389ADF-D591-4740-BEE4-8C12B4CFD509}.Debug|x86.ActiveCfg = Debug|Any CPU
		{71389ADF-D591-4740-BEE4-8C12B4CFD509}.IntermediateRelease|Any CPU.ActiveCfg = IntermediateRelease|Any CPU
		{71389ADF-D591-4740-BEE4-8C12B4CFD509}.IntermediateRelease|Any CPU.Build.0 = IntermediateRelease|Any CPU
		{71389ADF-D591-4740-BEE4-8C12B4CFD509}.IntermediateRelease|Mixed Platforms.ActiveCfg = IntermediateRelease|Any CPU
		{71389ADF-D591-4740-BEE4-8C12B4CFD509}.IntermediateRelease|Mixed Platforms.Build.0 = IntermediateRelease|Any CPU
		{71389ADF-D591-4740-BEE4-8C12B4CFD509}.IntermediateRelease|x86.ActiveCfg = IntermediateRelease|Any CPU
		{71389ADF-D591-4740-BEE4-8C12B4CFD509}.Pro-Debug|Any CPU.ActiveCfg = Pro-Debug|Any CPU
		{71389ADF-D591-4740-BEE4-8C12B4CFD509}.Pro-Debug|Any CPU.Build.0 = Pro-Debug|Any CPU
		{71389ADF-D591-4740-BEE4-8C12B4CFD509}.Pro-Debug|Mixed Platforms.ActiveCfg = Pro-Debug|Any CPU
		{71389ADF-D591-4740-BEE4-8C12B4CFD509}.Pro-Debug|Mixed Platforms.Build.0 = Pro-Debug|Any CPU
		{71389ADF-D591-4740-BEE4-8C12B4CFD509}.Pro-Debug|x86.ActiveCfg = Pro-Debug|Any CPU
		{71389ADF-D591-4740-BEE4-8C12B4CFD509}.Pro-Release|Any CPU.ActiveCfg = Pro-Release|Any CPU
		{71389ADF-D591-4740-BEE4-8C12B4CFD509}.Pro-Release|Any CPU.Build.0 = Pro-Release|Any CPU
		{71389ADF-D591-4740-BEE4-8C12B4CFD509}.Pro-Release|Mixed Platforms.ActiveCfg = Pro-Release|Any CPU
		{71389ADF-D591-4740-BEE4-8C12B4CFD509}.Pro-Release|Mixed Platforms.Build.0 = Pro-Release|Any CPU
		{71389ADF-D591-4740-BEE4-8C12B4CFD509}.Pro-Release|x86.ActiveCfg = Pro-Release|Any CPU
		{71389ADF-D591-4740-BEE4-8C12B4CFD509}.Release|Any CPU.ActiveCfg = Release|Any CPU
		{71389ADF-D591-4740-BEE4-8C12B4CFD509}.Release|Any CPU.Build.0 = Release|Any CPU
		{71389ADF-D591-4740-BEE4-8C12B4CFD509}.Release|Mixed Platforms.ActiveCfg = Release|Any CPU
		{71389ADF-D591-4740-BEE4-8C12B4CFD509}.Release|Mixed Platforms.Build.0 = Release|Any CPU
		{71389ADF-D591-4740-BEE4-8C12B4CFD509}.Release|x86.ActiveCfg = Release|Any CPU
		{EB021B41-D08B-4311-BD84-820B4D42F179}.Basic-Release|Any CPU.ActiveCfg = Basic-Release|Any CPU
		{EB021B41-D08B-4311-BD84-820B4D42F179}.Basic-Release|Any CPU.Build.0 = Basic-Release|Any CPU
		{EB021B41-D08B-4311-BD84-820B4D42F179}.Basic-Release|Mixed Platforms.ActiveCfg = Basic-Release|Any CPU
		{EB021B41-D08B-4311-BD84-820B4D42F179}.Basic-Release|Mixed Platforms.Build.0 = Basic-Release|Any CPU
		{EB021B41-D08B-4311-BD84-820B4D42F179}.Basic-Release|x86.ActiveCfg = Basic-Release|Any CPU
		{EB021B41-D08B-4311-BD84-820B4D42F179}.Debug|Any CPU.ActiveCfg = Debug|Any CPU
		{EB021B41-D08B-4311-BD84-820B4D42F179}.Debug|Any CPU.Build.0 = Debug|Any CPU
		{EB021B41-D08B-4311-BD84-820B4D42F179}.Debug|Mixed Platforms.ActiveCfg = Debug|Any CPU
		{EB021B41-D08B-4311-BD84-820B4D42F179}.Debug|Mixed Platforms.Build.0 = Debug|Any CPU
		{EB021B41-D08B-4311-BD84-820B4D42F179}.Debug|x86.ActiveCfg = Debug|Any CPU
		{EB021B41-D08B-4311-BD84-820B4D42F179}.IntermediateRelease|Any CPU.ActiveCfg = IntermediateRelease|Any CPU
		{EB021B41-D08B-4311-BD84-820B4D42F179}.IntermediateRelease|Any CPU.Build.0 = IntermediateRelease|Any CPU
		{EB021B41-D08B-4311-BD84-820B4D42F179}.IntermediateRelease|Mixed Platforms.ActiveCfg = IntermediateRelease|Any CPU
		{EB021B41-D08B-4311-BD84-820B4D42F179}.IntermediateRelease|Mixed Platforms.Build.0 = IntermediateRelease|Any CPU
		{EB021B41-D08B-4311-BD84-820B4D42F179}.IntermediateRelease|x86.ActiveCfg = IntermediateRelease|Any CPU
		{EB021B41-D08B-4311-BD84-820B4D42F179}.Pro-Debug|Any CPU.ActiveCfg = Pro-Debug|Any CPU
		{EB021B41-D08B-4311-BD84-820B4D42F179}.Pro-Debug|Any CPU.Build.0 = Pro-Debug|Any CPU
		{EB021B41-D08B-4311-BD84-820B4D42F179}.Pro-Debug|Mixed Platforms.ActiveCfg = Pro-Debug|Any CPU
		{EB021B41-D08B-4311-BD84-820B4D42F179}.Pro-Debug|Mixed Platforms.Build.0 = Pro-Debug|Any CPU
		{EB021B41-D08B-4311-BD84-820B4D42F179}.Pro-Debug|x86.ActiveCfg = Pro-Debug|Any CPU
		{EB021B41-D08B-4311-BD84-820B4D42F179}.Pro-Release|Any CPU.ActiveCfg = Pro-Release|Any CPU
		{EB021B41-D08B-4311-BD84-820B4D42F179}.Pro-Release|Any CPU.Build.0 = Pro-Release|Any CPU
		{EB021B41-D08B-4311-BD84-820B4D42F179}.Pro-Release|Mixed Platforms.ActiveCfg = Pro-Release|Any CPU
		{EB021B41-D08B-4311-BD84-820B4D42F179}.Pro-Release|Mixed Platforms.Build.0 = Pro-Release|Any CPU
		{EB021B41-D08B-4311-BD84-820B4D42F179}.Pro-Release|x86.ActiveCfg = Pro-Release|Any CPU
		{EB021B41-D08B-4311-BD84-820B4D42F179}.Release|Any CPU.ActiveCfg = Release|Any CPU
		{EB021B41-D08B-4311-BD84-820B4D42F179}.Release|Any CPU.Build.0 = Release|Any CPU
		{EB021B41-D08B-4311-BD84-820B4D42F179}.Release|Mixed Platforms.ActiveCfg = Release|Any CPU
		{EB021B41-D08B-4311-BD84-820B4D42F179}.Release|Mixed Platforms.Build.0 = Release|Any CPU
		{EB021B41-D08B-4311-BD84-820B4D42F179}.Release|x86.ActiveCfg = Release|Any CPU
		{0736F03A-009F-4566-B735-65CEE64B71AD}.Basic-Release|Any CPU.ActiveCfg = Basic-Release|Any CPU
		{0736F03A-009F-4566-B735-65CEE64B71AD}.Basic-Release|Any CPU.Build.0 = Basic-Release|Any CPU
		{0736F03A-009F-4566-B735-65CEE64B71AD}.Basic-Release|Mixed Platforms.ActiveCfg = Basic-Release|Any CPU
		{0736F03A-009F-4566-B735-65CEE64B71AD}.Basic-Release|Mixed Platforms.Build.0 = Basic-Release|Any CPU
		{0736F03A-009F-4566-B735-65CEE64B71AD}.Basic-Release|x86.ActiveCfg = Basic-Release|Any CPU
		{0736F03A-009F-4566-B735-65CEE64B71AD}.Debug|Any CPU.ActiveCfg = Debug|Any CPU
		{0736F03A-009F-4566-B735-65CEE64B71AD}.Debug|Any CPU.Build.0 = Debug|Any CPU
		{0736F03A-009F-4566-B735-65CEE64B71AD}.Debug|Mixed Platforms.ActiveCfg = Debug|Any CPU
		{0736F03A-009F-4566-B735-65CEE64B71AD}.Debug|Mixed Platforms.Build.0 = Debug|Any CPU
		{0736F03A-009F-4566-B735-65CEE64B71AD}.Debug|x86.ActiveCfg = Debug|Any CPU
		{0736F03A-009F-4566-B735-65CEE64B71AD}.IntermediateRelease|Any CPU.ActiveCfg = IntermediateRelease|Any CPU
		{0736F03A-009F-4566-B735-65CEE64B71AD}.IntermediateRelease|Any CPU.Build.0 = IntermediateRelease|Any CPU
		{0736F03A-009F-4566-B735-65CEE64B71AD}.IntermediateRelease|Mixed Platforms.ActiveCfg = IntermediateRelease|Any CPU
		{0736F03A-009F-4566-B735-65CEE64B71AD}.IntermediateRelease|Mixed Platforms.Build.0 = IntermediateRelease|Any CPU
		{0736F03A-009F-4566-B735-65CEE64B71AD}.IntermediateRelease|x86.ActiveCfg = IntermediateRelease|Any CPU
		{0736F03A-009F-4566-B735-65CEE64B71AD}.Pro-Debug|Any CPU.ActiveCfg = Pro-Debug|Any CPU
		{0736F03A-009F-4566-B735-65CEE64B71AD}.Pro-Debug|Any CPU.Build.0 = Pro-Debug|Any CPU
		{0736F03A-009F-4566-B735-65CEE64B71AD}.Pro-Debug|Mixed Platforms.ActiveCfg = Pro-Debug|Any CPU
		{0736F03A-009F-4566-B735-65CEE64B71AD}.Pro-Debug|Mixed Platforms.Build.0 = Pro-Debug|Any CPU
		{0736F03A-009F-4566-B735-65CEE64B71AD}.Pro-Debug|x86.ActiveCfg = Pro-Debug|Any CPU
		{0736F03A-009F-4566-B735-65CEE64B71AD}.Pro-Release|Any CPU.ActiveCfg = Pro-Release|Any CPU
		{0736F03A-009F-4566-B735-65CEE64B71AD}.Pro-Release|Any CPU.Build.0 = Pro-Release|Any CPU
		{0736F03A-009F-4566-B735-65CEE64B71AD}.Pro-Release|Mixed Platforms.ActiveCfg = Pro-Release|Any CPU
		{0736F03A-009F-4566-B735-65CEE64B71AD}.Pro-Release|Mixed Platforms.Build.0 = Pro-Release|Any CPU
		{0736F03A-009F-4566-B735-65CEE64B71AD}.Pro-Release|x86.ActiveCfg = Pro-Release|Any CPU
		{0736F03A-009F-4566-B735-65CEE64B71AD}.Release|Any CPU.ActiveCfg = Release|Any CPU
		{0736F03A-009F-4566-B735-65CEE64B71AD}.Release|Any CPU.Build.0 = Release|Any CPU
		{0736F03A-009F-4566-B735-65CEE64B71AD}.Release|Mixed Platforms.ActiveCfg = Release|Any CPU
		{0736F03A-009F-4566-B735-65CEE64B71AD}.Release|Mixed Platforms.Build.0 = Release|Any CPU
		{0736F03A-009F-4566-B735-65CEE64B71AD}.Release|x86.ActiveCfg = Release|Any CPU
		{884EA533-590C-4B15-AB6B-D10811DE7C07}.Basic-Release|Any CPU.ActiveCfg = Basic-Release|x86
		{884EA533-590C-4B15-AB6B-D10811DE7C07}.Basic-Release|Any CPU.Build.0 = Basic-Release|x86
		{884EA533-590C-4B15-AB6B-D10811DE7C07}.Basic-Release|Mixed Platforms.ActiveCfg = Basic-Release|x86
		{884EA533-590C-4B15-AB6B-D10811DE7C07}.Basic-Release|Mixed Platforms.Build.0 = Basic-Release|x86
		{884EA533-590C-4B15-AB6B-D10811DE7C07}.Basic-Release|x86.ActiveCfg = Basic-Release|x86
		{884EA533-590C-4B15-AB6B-D10811DE7C07}.Basic-Release|x86.Build.0 = Basic-Release|x86
		{884EA533-590C-4B15-AB6B-D10811DE7C07}.Debug|Any CPU.ActiveCfg = Debug|x86
		{884EA533-590C-4B15-AB6B-D10811DE7C07}.Debug|Any CPU.Build.0 = Debug|x86
		{884EA533-590C-4B15-AB6B-D10811DE7C07}.Debug|Mixed Platforms.ActiveCfg = Debug|x86
		{884EA533-590C-4B15-AB6B-D10811DE7C07}.Debug|Mixed Platforms.Build.0 = Debug|x86
		{884EA533-590C-4B15-AB6B-D10811DE7C07}.Debug|x86.ActiveCfg = Debug|x86
		{884EA533-590C-4B15-AB6B-D10811DE7C07}.Debug|x86.Build.0 = Debug|x86
		{884EA533-590C-4B15-AB6B-D10811DE7C07}.IntermediateRelease|Any CPU.ActiveCfg = IntermediateRelease|x86
		{884EA533-590C-4B15-AB6B-D10811DE7C07}.IntermediateRelease|Any CPU.Build.0 = IntermediateRelease|x86
		{884EA533-590C-4B15-AB6B-D10811DE7C07}.IntermediateRelease|Mixed Platforms.ActiveCfg = IntermediateRelease|x86
		{884EA533-590C-4B15-AB6B-D10811DE7C07}.IntermediateRelease|Mixed Platforms.Build.0 = IntermediateRelease|x86
		{884EA533-590C-4B15-AB6B-D10811DE7C07}.IntermediateRelease|x86.ActiveCfg = IntermediateRelease|x86
		{884EA533-590C-4B15-AB6B-D10811DE7C07}.IntermediateRelease|x86.Build.0 = IntermediateRelease|x86
		{884EA533-590C-4B15-AB6B-D10811DE7C07}.Pro-Debug|Any CPU.ActiveCfg = Pro-Debug|x86
		{884EA533-590C-4B15-AB6B-D10811DE7C07}.Pro-Debug|Any CPU.Build.0 = Pro-Debug|x86
		{884EA533-590C-4B15-AB6B-D10811DE7C07}.Pro-Debug|Mixed Platforms.ActiveCfg = Pro-Debug|x86
		{884EA533-590C-4B15-AB6B-D10811DE7C07}.Pro-Debug|Mixed Platforms.Build.0 = Pro-Debug|x86
		{884EA533-590C-4B15-AB6B-D10811DE7C07}.Pro-Debug|x86.ActiveCfg = Pro-Debug|x86
		{884EA533-590C-4B15-AB6B-D10811DE7C07}.Pro-Release|Any CPU.ActiveCfg = Pro-Release|x86
		{884EA533-590C-4B15-AB6B-D10811DE7C07}.Pro-Release|Any CPU.Build.0 = Pro-Release|x86
		{884EA533-590C-4B15-AB6B-D10811DE7C07}.Pro-Release|Mixed Platforms.ActiveCfg = Pro-Release|x86
		{884EA533-590C-4B15-AB6B-D10811DE7C07}.Pro-Release|Mixed Platforms.Build.0 = Pro-Release|x86
		{884EA533-590C-4B15-AB6B-D10811DE7C07}.Pro-Release|x86.ActiveCfg = Pro-Release|x86
		{884EA533-590C-4B15-AB6B-D10811DE7C07}.Release|Any CPU.ActiveCfg = Release|x86
		{884EA533-590C-4B15-AB6B-D10811DE7C07}.Release|Any CPU.Build.0 = Release|x86
		{884EA533-590C-4B15-AB6B-D10811DE7C07}.Release|Mixed Platforms.ActiveCfg = Release|x86
		{884EA533-590C-4B15-AB6B-D10811DE7C07}.Release|Mixed Platforms.Build.0 = Release|x86
		{884EA533-590C-4B15-AB6B-D10811DE7C07}.Release|x86.ActiveCfg = Release|x86
		{884EA533-590C-4B15-AB6B-D10811DE7C07}.Release|x86.Build.0 = Release|x86
	EndGlobalSection
	GlobalSection(SolutionProperties) = preSolution
		HideSolutionNode = FALSE
	EndGlobalSection
EndGlobal
